
Microsoft Visual Studio Solution File, Format Version 12.00
# Visual Studio Version 16
VisualStudioVersion = 16.0.29926.136
MinimumVisualStudioVersion = 10.0.40219.1
Project("{FAE04EC0-301F-11D3-BF4B-00C04F79EFBC}") = "Read Libros Bot", "Read Libros Bot.csproj", "{104C0297-F9B6-444C-A0B7-5AA6B59D6D60}"
EndProject
Global
	GlobalSection(SolutionConfigurationPlatforms) = preSolution
		Debug|Any CPU = Debug|Any CPU
		Release|Any CPU = Release|Any CPU
	EndGlobalSection
	GlobalSection(ProjectConfigurationPlatforms) = postSolution
		{104C0297-F9B6-444C-A0B7-5AA6B59D6D60}.Debug|Any CPU.ActiveCfg = Debug|Any CPU
		{104C0297-F9B6-444C-A0B7-5AA6B59D6D60}.Debug|Any CPU.Build.0 = Debug|Any CPU
		{104C0297-F9B6-444C-A0B7-5AA6B59D6D60}.Release|Any CPU.ActiveCfg = Release|Any CPU
		{104C0297-F9B6-444C-A0B7-5AA6B59D6D60}.Release|Any CPU.Build.0 = Release|Any CPU
	EndGlobalSection
	GlobalSection(SolutionProperties) = preSolution
		HideSolutionNode = FALSE
	EndGlobalSection
	GlobalSection(ExtensibilityGlobals) = postSolution
		SolutionGuid = {CED1E4AE-B313-4A01-A63B-6A000ECC1F50}
	EndGlobalSection
EndGlobal
